
Microsoft Visual Studio Solution File, Format Version 12.00
# Visual Studio Version 17
VisualStudioVersion = 17.3.32929.385
MinimumVisualStudioVersion = 10.0.40219.1
Project("{9A19103F-16F7-4668-BE54-9A1E7A4F7556}") = "HomeworkThreeWithIfStatement", "HomeworkThreeWithIfStatement\HomeworkThreeWithIfStatement.csproj", "{4A399A35-3E8F-4936-81E5-F966FB1AA69A}"
EndProject
Project("{9A19103F-16F7-4668-BE54-9A1E7A4F7556}") = "HomeworkThreeWithSwitchStatement", "HomeworkThreeWithSwitchStatement\HomeworkThreeWithSwitchStatement.csproj", "{65C0D977-26BA-42C9-BD1A-371D4E8BEC59}"
EndProject
Project("{9A19103F-16F7-4668-BE54-9A1E7A4F7556}") = "ProjectedTax2022", "ProjectedTax2022\ProjectedTax2022.csproj", "{8E2CBA07-7FA1-4AC1-A64C-4FEB4CC94149}"
EndProject
Project("{9A19103F-16F7-4668-BE54-9A1E7A4F7556}") = "MonetizedLeave", "MonetizedLeave\MonetizedLeave.csproj", "{6837A6F5-1EF1-4CB2-9A55-D9CE084C1F1D}"
EndProject
Project("{FAE04EC0-301F-11D3-BF4B-00C04F79EFBC}") = "MedicalCashAllowance", "MedicalCashAllowance\MedicalCashAllowance.csproj", "{109A2258-8C8D-4EAF-AACD-31E568F7ED1C}"
EndProject
Global
	GlobalSection(SolutionConfigurationPlatforms) = preSolution
		Debug|Any CPU = Debug|Any CPU
		Release|Any CPU = Release|Any CPU
	EndGlobalSection
	GlobalSection(ProjectConfigurationPlatforms) = postSolution
		{4A399A35-3E8F-4936-81E5-F966FB1AA69A}.Debug|Any CPU.ActiveCfg = Debug|Any CPU
		{4A399A35-3E8F-4936-81E5-F966FB1AA69A}.Debug|Any CPU.Build.0 = Debug|Any CPU
		{4A399A35-3E8F-4936-81E5-F966FB1AA69A}.Release|Any CPU.ActiveCfg = Release|Any CPU
		{4A399A35-3E8F-4936-81E5-F966FB1AA69A}.Release|Any CPU.Build.0 = Release|Any CPU
		{65C0D977-26BA-42C9-BD1A-371D4E8BEC59}.Debug|Any CPU.ActiveCfg = Debug|Any CPU
		{65C0D977-26BA-42C9-BD1A-371D4E8BEC59}.Debug|Any CPU.Build.0 = Debug|Any CPU
		{65C0D977-26BA-42C9-BD1A-371D4E8BEC59}.Release|Any CPU.ActiveCfg = Release|Any CPU
		{65C0D977-26BA-42C9-BD1A-371D4E8BEC59}.Release|Any CPU.Build.0 = Release|Any CPU
		{8E2CBA07-7FA1-4AC1-A64C-4FEB4CC94149}.Debug|Any CPU.ActiveCfg = Debug|Any CPU
		{8E2CBA07-7FA1-4AC1-A64C-4FEB4CC94149}.Debug|Any CPU.Build.0 = Debug|Any CPU
		{8E2CBA07-7FA1-4AC1-A64C-4FEB4CC94149}.Release|Any CPU.ActiveCfg = Release|Any CPU
		{8E2CBA07-7FA1-4AC1-A64C-4FEB4CC94149}.Release|Any CPU.Build.0 = Release|Any CPU
		{6837A6F5-1EF1-4CB2-9A55-D9CE084C1F1D}.Debug|Any CPU.ActiveCfg = Debug|Any CPU
		{6837A6F5-1EF1-4CB2-9A55-D9CE084C1F1D}.Debug|Any CPU.Build.0 = Debug|Any CPU
		{6837A6F5-1EF1-4CB2-9A55-D9CE084C1F1D}.Release|Any CPU.ActiveCfg = Release|Any CPU
		{6837A6F5-1EF1-4CB2-9A55-D9CE084C1F1D}.Release|Any CPU.Build.0 = Release|Any CPU
		{109A2258-8C8D-4EAF-AACD-31E568F7ED1C}.Debug|Any CPU.ActiveCfg = Debug|Any CPU
		{109A2258-8C8D-4EAF-AACD-31E568F7ED1C}.Debug|Any CPU.Build.0 = Debug|Any CPU
		{109A2258-8C8D-4EAF-AACD-31E568F7ED1C}.Release|Any CPU.ActiveCfg = Release|Any CPU
		{109A2258-8C8D-4EAF-AACD-31E568F7ED1C}.Release|Any CPU.Build.0 = Release|Any CPU
	EndGlobalSection
	GlobalSection(SolutionProperties) = preSolution
		HideSolutionNode = FALSE
	EndGlobalSection
	GlobalSection(ExtensibilityGlobals) = postSolution
		SolutionGuid = {CAD6F9D6-9A10-46A6-B069-93ECE9CEAFB2}
	EndGlobalSection
EndGlobal
